
Microsoft Visual Studio Solution File, Format Version 12.00
# Visual Studio Version 16
VisualStudioVersion = 16.0.29230.47
MinimumVisualStudioVersion = 10.0.40219.1
Project("{FAE04EC0-301F-11D3-BF4B-00C04F79EFBC}") = "MeuPonto.Application", "MeuPonto.Application\MeuPonto.Application.csproj", "{B6B3406B-8021-4A24-AA57-769128CFB639}"
EndProject
Project("{FAE04EC0-301F-11D3-BF4B-00C04F79EFBC}") = "MeuPonto.Services", "MeuPonto.Services\MeuPonto.Services.csproj", "{BFB67826-6A2D-4D52-B189-A3D1C387DB43}"
EndProject
Project("{FAE04EC0-301F-11D3-BF4B-00C04F79EFBC}") = "MeuPonto.Domain", "MeuPonto.Domain\MeuPonto.Domain.csproj", "{A132D92F-A0C3-4703-95EF-E4CF9F0606E8}"
EndProject
Project("{FAE04EC0-301F-11D3-BF4B-00C04F79EFBC}") = "MeuPonto.Data", "MeuPonto.Data\MeuPonto.Data.csproj", "{574C91D0-9B6D-4C54-8C26-16C337F9B2B8}"
EndProject
Project("{FAE04EC0-301F-11D3-BF4B-00C04F79EFBC}") = "MeuPonto.CrossCutting", "MeuPonto.CrossCutting\MeuPonto.CrossCutting.csproj", "{C3E918C9-7247-463F-B028-08B6DC3B903F}"
EndProject
Global
	GlobalSection(SolutionConfigurationPlatforms) = preSolution
		Debug|Any CPU = Debug|Any CPU
		Release|Any CPU = Release|Any CPU
	EndGlobalSection
	GlobalSection(ProjectConfigurationPlatforms) = postSolution
		{B6B3406B-8021-4A24-AA57-769128CFB639}.Debug|Any CPU.ActiveCfg = Debug|Any CPU
		{B6B3406B-8021-4A24-AA57-769128CFB639}.Debug|Any CPU.Build.0 = Debug|Any CPU
		{B6B3406B-8021-4A24-AA57-769128CFB639}.Release|Any CPU.ActiveCfg = Release|Any CPU
		{B6B3406B-8021-4A24-AA57-769128CFB639}.Release|Any CPU.Build.0 = Release|Any CPU
		{BFB67826-6A2D-4D52-B189-A3D1C387DB43}.Debug|Any CPU.ActiveCfg = Debug|Any CPU
		{BFB67826-6A2D-4D52-B189-A3D1C387DB43}.Debug|Any CPU.Build.0 = Debug|Any CPU
		{BFB67826-6A2D-4D52-B189-A3D1C387DB43}.Release|Any CPU.ActiveCfg = Release|Any CPU
		{BFB67826-6A2D-4D52-B189-A3D1C387DB43}.Release|Any CPU.Build.0 = Release|Any CPU
		{A132D92F-A0C3-4703-95EF-E4CF9F0606E8}.Debug|Any CPU.ActiveCfg = Debug|Any CPU
		{A132D92F-A0C3-4703-95EF-E4CF9F0606E8}.Debug|Any CPU.Build.0 = Debug|Any CPU
		{A132D92F-A0C3-4703-95EF-E4CF9F0606E8}.Release|Any CPU.ActiveCfg = Release|Any CPU
		{A132D92F-A0C3-4703-95EF-E4CF9F0606E8}.Release|Any CPU.Build.0 = Release|Any CPU
		{574C91D0-9B6D-4C54-8C26-16C337F9B2B8}.Debug|Any CPU.ActiveCfg = Debug|Any CPU
		{574C91D0-9B6D-4C54-8C26-16C337F9B2B8}.Debug|Any CPU.Build.0 = Debug|Any CPU
		{574C91D0-9B6D-4C54-8C26-16C337F9B2B8}.Release|Any CPU.ActiveCfg = Release|Any CPU
		{574C91D0-9B6D-4C54-8C26-16C337F9B2B8}.Release|Any CPU.Build.0 = Release|Any CPU
		{C3E918C9-7247-463F-B028-08B6DC3B903F}.Debug|Any CPU.ActiveCfg = Debug|Any CPU
		{C3E918C9-7247-463F-B028-08B6DC3B903F}.Debug|Any CPU.Build.0 = Debug|Any CPU
		{C3E918C9-7247-463F-B028-08B6DC3B903F}.Release|Any CPU.ActiveCfg = Release|Any CPU
		{C3E918C9-7247-463F-B028-08B6DC3B903F}.Release|Any CPU.Build.0 = Release|Any CPU
	EndGlobalSection
	GlobalSection(SolutionProperties) = preSolution
		HideSolutionNode = FALSE
	EndGlobalSection
	GlobalSection(ExtensibilityGlobals) = postSolution
		SolutionGuid = {DBDE4D7A-3C62-4776-AFE3-1FEA7A11071B}
	EndGlobalSection
EndGlobal
